
Microsoft Visual Studio Solution File, Format Version 12.00
# Visual Studio 2012
Project("{FAE04EC0-301F-11D3-BF4B-00C04F79EFBC}") = "BubbleBreak", "BubbleBreak\BubbleBreak.csproj", "{B7AD096A-5E3B-409D-A4DC-1729C7DBC8D8}"
EndProject
Global
	GlobalSection(SolutionConfigurationPlatforms) = preSolution
		Debug|iPhoneSimulator = Debug|iPhoneSimulator
		Release|iPhone = Release|iPhone
		Release|iPhoneSimulator = Release|iPhoneSimulator
		Debug|iPhone = Debug|iPhone
	EndGlobalSection
	GlobalSection(ProjectConfigurationPlatforms) = postSolution
		{B7AD096A-5E3B-409D-A4DC-1729C7DBC8D8}.Debug|iPhone.ActiveCfg = Debug|iPhone
		{B7AD096A-5E3B-409D-A4DC-1729C7DBC8D8}.Debug|iPhone.Build.0 = Debug|iPhone
		{B7AD096A-5E3B-409D-A4DC-1729C7DBC8D8}.Debug|iPhoneSimulator.ActiveCfg = Debug|iPhoneSimulator
		{B7AD096A-5E3B-409D-A4DC-1729C7DBC8D8}.Debug|iPhoneSimulator.Build.0 = Debug|iPhoneSimulator
		{B7AD096A-5E3B-409D-A4DC-1729C7DBC8D8}.Release|iPhone.ActiveCfg = Release|iPhone
		{B7AD096A-5E3B-409D-A4DC-1729C7DBC8D8}.Release|iPhone.Build.0 = Release|iPhone
		{B7AD096A-5E3B-409D-A4DC-1729C7DBC8D8}.Release|iPhoneSimulator.ActiveCfg = Release|iPhoneSimulator
		{B7AD096A-5E3B-409D-A4DC-1729C7DBC8D8}.Release|iPhoneSimulator.Build.0 = Release|iPhoneSimulator
	EndGlobalSection
EndGlobal
